{
  "version": 1,
  "dependencies": {
    "net6.0": {
      "MediaBrowser.Server.Core": {
        "type": "Direct",
        "requested": "[4.7.9, )",
        "resolved": "4.7.9",
        "contentHash": "z+X6RvXktgayOEeYToKwZ/x820xZOhRNKOI56vuTzU9VXAxTHAN+RoSlK3IkZ3RgTbTI4nWKbd2mo6ISvIVA/A==",
        "dependencies": {
          "MediaBrowser.Common": "4.7.9"
        }
      },
      "System.Memory": {
        "type": "Direct",
        "requested": "[4.5.5, )",
        "resolved": "4.5.5",
        "contentHash": "XIWiDvKPXaTveaB7HVganDlOCRoj03l+jrwNvcge/t8vhGYKvqV+dMv6G4SAX2NoNmN0wZfVPTAlFwZcZvVOUw=="
      },
      "MediaBrowser.Common": {
        "type": "Transitive",
        "resolved": "4.7.9",
        "contentHash": "fmxyGZn/WkrFGpYRcCtaQS+lr9K/Js56SKLRoL8t4tcYqKM8ZdGI9eMhqRhNg2SiSxAVLQEtoRgx1gFYHxkAFw=="
      }
    }
  }
}